# This file is generated by running "yarn install" inside your project.
# Manual changes might be lost - proceed with caution!

__metadata:
  version: 8
  cacheKey: 10c0

"resolve-demo-params@workspace:.":
  version: 0.0.0-use.local
  resolution: "resolve-demo-params@workspace:."
  dependencies:
    semver: "npm:^7.7.2"
  languageName: unknown
  linkType: soft

"semver@npm:^7.7.2":
  version: 7.7.2
  resolution: "semver@npm:7.7.2"
  bin:
    semver: bin/semver.js
  checksum: 10c0/aca305edfbf2383c22571cb7714f48cadc7ac95371b4b52362fb8eeffdfbc0de0669368b82b2b15978f8848f01d7114da65697e56cd8c37b0dab8c58e543f9ea
  languageName: node
  linkType: hard
